
Microsoft Visual Studio Solution File, Format Version 12.00
# Visual Studio Version 17
VisualStudioVersion = 17.14.36310.24
MinimumVisualStudioVersion = 10.0.40219.1
Project("{FAE04EC0-301F-11D3-BF4B-00C04F79EFBC}") = "AdvancedCalculator", "AdvancedCalculator\AdvancedCalculator.csproj", "{0D51BA28-DC40-439E-95C8-AC52FD8CFFFF}"
EndProject
Project("{FAE04EC0-301F-11D3-BF4B-00C04F79EFBC}") = "GeoCalc", "GeoCalculator\GeoCalc.csproj", "{A5C9EB77-2E1C-4F09-886C-DC1FB494D6C8}"
EndProject
Project("{FAE04EC0-301F-11D3-BF4B-00C04F79EFBC}") = "LibraryTrackingSystem", "LibraryTrackingSystem\LibraryTrackingSystem.csproj", "{31A1C22E-B5FB-4311-8F71-BECF589C853A}"
EndProject
Global
	GlobalSection(SolutionConfigurationPlatforms) = preSolution
		Debug|Any CPU = Debug|Any CPU
		Release|Any CPU = Release|Any CPU
	EndGlobalSection
	GlobalSection(ProjectConfigurationPlatforms) = postSolution
		{0D51BA28-DC40-439E-95C8-AC52FD8CFFFF}.Debug|Any CPU.ActiveCfg = Debug|Any CPU
		{0D51BA28-DC40-439E-95C8-AC52FD8CFFFF}.Debug|Any CPU.Build.0 = Debug|Any CPU
		{0D51BA28-DC40-439E-95C8-AC52FD8CFFFF}.Release|Any CPU.ActiveCfg = Release|Any CPU
		{0D51BA28-DC40-439E-95C8-AC52FD8CFFFF}.Release|Any CPU.Build.0 = Release|Any CPU
		{A5C9EB77-2E1C-4F09-886C-DC1FB494D6C8}.Debug|Any CPU.ActiveCfg = Debug|Any CPU
		{A5C9EB77-2E1C-4F09-886C-DC1FB494D6C8}.Debug|Any CPU.Build.0 = Debug|Any CPU
		{A5C9EB77-2E1C-4F09-886C-DC1FB494D6C8}.Release|Any CPU.ActiveCfg = Release|Any CPU
		{A5C9EB77-2E1C-4F09-886C-DC1FB494D6C8}.Release|Any CPU.Build.0 = Release|Any CPU
		{31A1C22E-B5FB-4311-8F71-BECF589C853A}.Debug|Any CPU.ActiveCfg = Debug|Any CPU
		{31A1C22E-B5FB-4311-8F71-BECF589C853A}.Debug|Any CPU.Build.0 = Debug|Any CPU
		{31A1C22E-B5FB-4311-8F71-BECF589C853A}.Release|Any CPU.ActiveCfg = Release|Any CPU
		{31A1C22E-B5FB-4311-8F71-BECF589C853A}.Release|Any CPU.Build.0 = Release|Any CPU
	EndGlobalSection
	GlobalSection(SolutionProperties) = preSolution
		HideSolutionNode = FALSE
	EndGlobalSection
	GlobalSection(ExtensibilityGlobals) = postSolution
		SolutionGuid = {47D1858D-3B06-4B6E-82EE-5ED132EF63CF}
	EndGlobalSection
EndGlobal
